{
  "name": "attesto-phoenix-rfc8252-client",
  "version": "0.0.0",
  "lockfileVersion": 3,
  "requires": true,
  "packages": {
    "": {
      "name": "attesto-phoenix-rfc8252-client",
      "version": "0.0.0",
      "dependencies": {
        "openid-client": "^6.8.4"
      }
    },
    "node_modules/jose": {
      "version": "6.2.10",
      "resolved": "https://registry.npmjs.org/jose/-/jose-6.2.10.tgz",
      "integrity": "sha512-iiW7J9qRFlGxvCOIBDBDxFePQSn7ZMAnrYGhrrOo6siO/MIqwfyilLR27pkfDgUk+raLuzADS8A3S/KLBisc0g==",
      "license": "MIT",
      "funding": {
        "url": "https://github.com/sponsors/panva"
      }
    },
    "node_modules/oauth4webapi": {
      "version": "3.8.7",
      "resolved": "https://registry.npmjs.org/oauth4webapi/-/oauth4webapi-3.8.7.tgz",
      "integrity": "sha512-4RxcKxXjuItDFZ20RRPf4YTw3kpeXJyCgJFxVzJ068A7PNJ18st2Dg90tlC1LkSDS0GecroagCLHYEIVUhCAkw==",
      "license": "MIT",
      "funding": {
        "url": "https://github.com/sponsors/panva"
      }
    },
    "node_modules/openid-client": {
      "version": "6.8.7",
      "resolved": "https://registry.npmjs.org/openid-client/-/openid-client-6.8.7.tgz",
      "integrity": "sha512-gtKthNu7evSBvTdrrlHb4F3Fi9dcwlb5QaITlCs+9mfpvuOi0Q3qtBf5+iY4sEP8hy1qCoAdxBNPDcmZeVSDzQ==",
      "license": "MIT",
      "dependencies": {
        "jose": "^6.2.8",
        "oauth4webapi": "^3.8.7"
      },
      "funding": {
        "url": "https://github.com/sponsors/panva"
      }
    }
  }
}
